
Microsoft Visual Studio Solution File, Format Version 12.00
# Visual Studio 15
VisualStudioVersion = 15.0.26730.15
MinimumVisualStudioVersion = 10.0.40219.1
Project("{FAE04EC0-301F-11D3-BF4B-00C04F79EFBC}") = "VotingApp", "VotingApp\VotingApp.csproj", "{35501E2D-3D30-4C06-852A-9B121C00ECF0}"
EndProject
Project("{FAE04EC0-301F-11D3-BF4B-00C04F79EFBC}") = "UserDataAccess", "UserDataAccess\UserDataAccess.csproj", "{19949736-24E8-4E71-A2D2-3720FD70409C}"
EndProject
Project("{FAE04EC0-301F-11D3-BF4B-00C04F79EFBC}") = "CandidateDataAccess", "CandidateDataAccess\CandidateDataAccess.csproj", "{EE3CAAF9-EED5-49C6-BB76-7B8789CBABA6}"
EndProject
Project("{FAE04EC0-301F-11D3-BF4B-00C04F79EFBC}") = "VoteDataAccess", "VoteDataAccess\VoteDataAccess.csproj", "{0A627ED0-4704-4518-8D49-3FEFC215D449}"
EndProject
Project("{FAE04EC0-301F-11D3-BF4B-00C04F79EFBC}") = "RegisterDataAccess", "RegisterDataAccess\RegisterDataAccess.csproj", "{A2506802-0F24-42BD-8A11-82C12898579F}"
EndProject
Global
	GlobalSection(SolutionConfigurationPlatforms) = preSolution
		Debug|Any CPU = Debug|Any CPU
		Release|Any CPU = Release|Any CPU
	EndGlobalSection
	GlobalSection(ProjectConfigurationPlatforms) = postSolution
		{35501E2D-3D30-4C06-852A-9B121C00ECF0}.Debug|Any CPU.ActiveCfg = Debug|Any CPU
		{35501E2D-3D30-4C06-852A-9B121C00ECF0}.Debug|Any CPU.Build.0 = Debug|Any CPU
		{35501E2D-3D30-4C06-852A-9B121C00ECF0}.Release|Any CPU.ActiveCfg = Release|Any CPU
		{35501E2D-3D30-4C06-852A-9B121C00ECF0}.Release|Any CPU.Build.0 = Release|Any CPU
		{19949736-24E8-4E71-A2D2-3720FD70409C}.Debug|Any CPU.ActiveCfg = Debug|Any CPU
		{19949736-24E8-4E71-A2D2-3720FD70409C}.Debug|Any CPU.Build.0 = Debug|Any CPU
		{19949736-24E8-4E71-A2D2-3720FD70409C}.Release|Any CPU.ActiveCfg = Release|Any CPU
		{19949736-24E8-4E71-A2D2-3720FD70409C}.Release|Any CPU.Build.0 = Release|Any CPU
		{EE3CAAF9-EED5-49C6-BB76-7B8789CBABA6}.Debug|Any CPU.ActiveCfg = Debug|Any CPU
		{EE3CAAF9-EED5-49C6-BB76-7B8789CBABA6}.Debug|Any CPU.Build.0 = Debug|Any CPU
		{EE3CAAF9-EED5-49C6-BB76-7B8789CBABA6}.Release|Any CPU.ActiveCfg = Release|Any CPU
		{EE3CAAF9-EED5-49C6-BB76-7B8789CBABA6}.Release|Any CPU.Build.0 = Release|Any CPU
		{0A627ED0-4704-4518-8D49-3FEFC215D449}.Debug|Any CPU.ActiveCfg = Debug|Any CPU
		{0A627ED0-4704-4518-8D49-3FEFC215D449}.Debug|Any CPU.Build.0 = Debug|Any CPU
		{0A627ED0-4704-4518-8D49-3FEFC215D449}.Release|Any CPU.ActiveCfg = Release|Any CPU
		{0A627ED0-4704-4518-8D49-3FEFC215D449}.Release|Any CPU.Build.0 = Release|Any CPU
		{A2506802-0F24-42BD-8A11-82C12898579F}.Debug|Any CPU.ActiveCfg = Debug|Any CPU
		{A2506802-0F24-42BD-8A11-82C12898579F}.Debug|Any CPU.Build.0 = Debug|Any CPU
		{A2506802-0F24-42BD-8A11-82C12898579F}.Release|Any CPU.ActiveCfg = Release|Any CPU
		{A2506802-0F24-42BD-8A11-82C12898579F}.Release|Any CPU.Build.0 = Release|Any CPU
	EndGlobalSection
	GlobalSection(SolutionProperties) = preSolution
		HideSolutionNode = FALSE
	EndGlobalSection
	GlobalSection(ExtensibilityGlobals) = postSolution
		SolutionGuid = {CBF8D0A0-6D99-4581-BEBA-CBA82B4AA53E}
	EndGlobalSection
EndGlobal
